
Microsoft Visual Studio Solution File, Format Version 12.00
# Visual Studio Version 17
VisualStudioVersion = 17.11.35222.181
MinimumVisualStudioVersion = 10.0.40219.1
Project("{FAE04EC0-301F-11D3-BF4B-00C04F79EFBC}") = "HMT", "HMT\HMT.csproj", "{B7F759B2-28E0-42F4-890B-C8FA82A5024B}"
EndProject
Global
	GlobalSection(SolutionConfigurationPlatforms) = preSolution
		Debug|Any CPU = Debug|Any CPU
		Debug|arm64 = Debug|arm64
		Debug|x86 = Debug|x86
		Release|Any CPU = Release|Any CPU
		Release|arm64 = Release|arm64
		Release|x86 = Release|x86
	EndGlobalSection
	GlobalSection(ProjectConfigurationPlatforms) = postSolution
		{B7F759B2-28E0-42F4-890B-C8FA82A5024B}.Debug|Any CPU.ActiveCfg = Debug|Any CPU
		{B7F759B2-28E0-42F4-890B-C8FA82A5024B}.Debug|Any CPU.Build.0 = Debug|Any CPU
		{B7F759B2-28E0-42F4-890B-C8FA82A5024B}.Debug|arm64.ActiveCfg = Debug|arm64
		{B7F759B2-28E0-42F4-890B-C8FA82A5024B}.Debug|arm64.Build.0 = Debug|arm64
		{B7F759B2-28E0-42F4-890B-C8FA82A5024B}.Debug|x86.ActiveCfg = Debug|x86
		{B7F759B2-28E0-42F4-890B-C8FA82A5024B}.Debug|x86.Build.0 = Debug|x86
		{B7F759B2-28E0-42F4-890B-C8FA82A5024B}.Release|Any CPU.ActiveCfg = Release|Any CPU
		{B7F759B2-28E0-42F4-890B-C8FA82A5024B}.Release|Any CPU.Build.0 = Release|Any CPU
		{B7F759B2-28E0-42F4-890B-C8FA82A5024B}.Release|arm64.ActiveCfg = Release|arm64
		{B7F759B2-28E0-42F4-890B-C8FA82A5024B}.Release|arm64.Build.0 = Release|arm64
		{B7F759B2-28E0-42F4-890B-C8FA82A5024B}.Release|x86.ActiveCfg = Release|x86
		{B7F759B2-28E0-42F4-890B-C8FA82A5024B}.Release|x86.Build.0 = Release|x86
	EndGlobalSection
	GlobalSection(SolutionProperties) = preSolution
		HideSolutionNode = FALSE
	EndGlobalSection
	GlobalSection(ExtensibilityGlobals) = postSolution
		SolutionGuid = {D3B334F1-E70E-46E7-BC6E-CC942F824215}
	EndGlobalSection
EndGlobal
